
Microsoft Visual Studio Solution File, Format Version 12.00
# Visual Studio Version 17
VisualStudioVersion = 17.5.33502.453
MinimumVisualStudioVersion = 10.0.40219.1
Project("{FAE04EC0-301F-11D3-BF4B-00C04F79EFBC}") = "Tranquangminh_2011062958", "Tranquangminh_2011062958\Tranquangminh_2011062958.csproj", "{B9B9F149-9015-4ED0-B79A-33BC30A78383}"
EndProject
Global
	GlobalSection(SolutionConfigurationPlatforms) = preSolution
		Debug|Any CPU = Debug|Any CPU
		Release|Any CPU = Release|Any CPU
	EndGlobalSection
	GlobalSection(ProjectConfigurationPlatforms) = postSolution
		{B9B9F149-9015-4ED0-B79A-33BC30A78383}.Debug|Any CPU.ActiveCfg = Debug|Any CPU
		{B9B9F149-9015-4ED0-B79A-33BC30A78383}.Debug|Any CPU.Build.0 = Debug|Any CPU
		{B9B9F149-9015-4ED0-B79A-33BC30A78383}.Release|Any CPU.ActiveCfg = Release|Any CPU
		{B9B9F149-9015-4ED0-B79A-33BC30A78383}.Release|Any CPU.Build.0 = Release|Any CPU
	EndGlobalSection
	GlobalSection(SolutionProperties) = preSolution
		HideSolutionNode = FALSE
	EndGlobalSection
	GlobalSection(ExtensibilityGlobals) = postSolution
		SolutionGuid = {D2F21250-6D47-445E-B4EC-3F9C47E9B646}
	EndGlobalSection
EndGlobal
